// !$*UTF8*$!
{
	archiveVersion = 1;
	classes = {
	};
	objectVersion = 48;
	objects = {

/* Begin PBXBuildFile section */
		6A8B297A202CFA88009A1DC2 /* Utils.swift in Sources */ = {isa = PBXBuildFile; fileRef = 6A8B2979202CFA88009A1DC2 /* Utils.swift */; };
		6A8B297C202CFAD7009A1DC2 /* Rectangle.swift in Sources */ = {isa = PBXBuildFile; fileRef = 6A8B297B202CFAD7009A1DC2 /* Rectangle.swift */; };
		6A8B297E202CFB01009A1DC2 /* Template.swift in Sources */ = {isa = PBXBuildFile; fileRef = 6A8B297D202CFB01009A1DC2 /* Template.swift */; };
		6A8B2980202CFB17009A1DC2 /* Recognizer.swift in Sources */ = {isa = PBXBuildFile; fileRef = 6A8B297F202CFB17009A1DC2 /* Recognizer.swift */; };
		6A8B2982202CFB31009A1DC2 /* TemplateData.swift in Sources */ = {isa = PBXBuildFile; fileRef = 6A8B2981202CFB31009A1DC2 /* TemplateData.swift */; };
		6A8B2984202CFB4C009A1DC2 /* Result.swift in Sources */ = {isa = PBXBuildFile; fileRef = 6A8B2983202CFB4C009A1DC2 /* Result.swift */; };
		6A8B2986202CFB64009A1DC2 /* Trigonometric.swift in Sources */ = {isa = PBXBuildFile; fileRef = 6A8B2985202CFB64009A1DC2 /* Trigonometric.swift */; };
		6A8B2988202CFB82009A1DC2 /* Dollar.swift in Sources */ = {isa = PBXBuildFile; fileRef = 6A8B2987202CFB82009A1DC2 /* Dollar.swift */; };
		6A8B298A202CFDDD009A1DC2 /* Gesturizer.swift in Sources */ = {isa = PBXBuildFile; fileRef = 6A8B2989202CFDDD009A1DC2 /* Gesturizer.swift */; };
/* End PBXBuildFile section */

/* Begin PBXCopyFilesBuildPhase section */
		6A8B2969202CF9E5009A1DC2 /* CopyFiles */ = {
			isa = PBXCopyFilesBuildPhase;
			buildActionMask = 2147483647;
			dstPath = "include/$(PRODUCT_NAME)";
			dstSubfolderSpec = 16;
			files = (
			);
			runOnlyForDeploymentPostprocessing = 0;
		};
/* End PBXCopyFilesBuildPhase section */

/* Begin PBXFileReference section */
		6A8B296B202CF9E5009A1DC2 /* libiOSGesturizer.a */ = {isa = PBXFileReference; explicitFileType = archive.ar; includeInIndex = 0; path = libiOSGesturizer.a; sourceTree = BUILT_PRODUCTS_DIR; };
		6A8B2978202CFA88009A1DC2 /* iOSGesturizer-Bridging-Header.h */ = {isa = PBXFileReference; lastKnownFileType = sourcecode.c.h; path = "iOSGesturizer-Bridging-Header.h"; sourceTree = "<group>"; };
		6A8B2979202CFA88009A1DC2 /* Utils.swift */ = {isa = PBXFileReference; lastKnownFileType = sourcecode.swift; path = Utils.swift; sourceTree = "<group>"; };
		6A8B297B202CFAD7009A1DC2 /* Rectangle.swift */ = {isa = PBXFileReference; lastKnownFileType = sourcecode.swift; path = Rectangle.swift; sourceTree = "<group>"; };
		6A8B297D202CFB01009A1DC2 /* Template.swift */ = {isa = PBXFileReference; lastKnownFileType = sourcecode.swift; path = Template.swift; sourceTree = "<group>"; };
		6A8B297F202CFB17009A1DC2 /* Recognizer.swift */ = {isa = PBXFileReference; lastKnownFileType = sourcecode.swift; path = Recognizer.swift; sourceTree = "<group>"; };
		6A8B2981202CFB31009A1DC2 /* TemplateData.swift */ = {isa = PBXFileReference; lastKnownFileType = sourcecode.swift; path = TemplateData.swift; sourceTree = "<group>"; };
		6A8B2983202CFB4C009A1DC2 /* Result.swift */ = {isa = PBXFileReference; lastKnownFileType = sourcecode.swift; path = Result.swift; sourceTree = "<group>"; };
		6A8B2985202CFB64009A1DC2 /* Trigonometric.swift */ = {isa = PBXFileReference; lastKnownFileType = sourcecode.swift; path = Trigonometric.swift; sourceTree = "<group>"; };
		6A8B2987202CFB82009A1DC2 /* Dollar.swift */ = {isa = PBXFileReference; lastKnownFileType = sourcecode.swift; path = Dollar.swift; sourceTree = "<group>"; };
		6A8B2989202CFDDD009A1DC2 /* Gesturizer.swift */ = {isa = PBXFileReference; lastKnownFileType = sourcecode.swift; path = Gesturizer.swift; sourceTree = "<group>"; };
/* End PBXFileReference section */

/* Begin PBXFrameworksBuildPhase section */
		6A8B2968202CF9E5009A1DC2 /* Frameworks */ = {
			isa = PBXFrameworksBuildPhase;
			buildActionMask = 2147483647;
			files = (
			);
			runOnlyForDeploymentPostprocessing = 0;
		};
/* End PBXFrameworksBuildPhase section */

/* Begin PBXGroup section */
		6A8B2962202CF9E5009A1DC2 = {
			isa = PBXGroup;
			children = (
				6A8B296D202CF9E5009A1DC2 /* iOSGesturizer */,
				6A8B296C202CF9E5009A1DC2 /* Products */,
			);
			sourceTree = "<group>";
		};
		6A8B296C202CF9E5009A1DC2 /* Products */ = {
			isa = PBXGroup;
			children = (
				6A8B296B202CF9E5009A1DC2 /* libiOSGesturizer.a */,
			);
			name = Products;
			sourceTree = "<group>";
		};
		6A8B296D202CF9E5009A1DC2 /* iOSGesturizer */ = {
			isa = PBXGroup;
			children = (
				6A8B2977202CFA3B009A1DC2 /* Dollar */,
				6A8B2989202CFDDD009A1DC2 /* Gesturizer.swift */,
			);
			path = iOSGesturizer;
			sourceTree = "<group>";
		};
		6A8B2977202CFA3B009A1DC2 /* Dollar */ = {
			isa = PBXGroup;
			children = (
				6A8B2979202CFA88009A1DC2 /* Utils.swift */,
				6A8B2978202CFA88009A1DC2 /* iOSGesturizer-Bridging-Header.h */,
				6A8B297B202CFAD7009A1DC2 /* Rectangle.swift */,
				6A8B297D202CFB01009A1DC2 /* Template.swift */,
				6A8B297F202CFB17009A1DC2 /* Recognizer.swift */,
				6A8B2981202CFB31009A1DC2 /* TemplateData.swift */,
				6A8B2983202CFB4C009A1DC2 /* Result.swift */,
				6A8B2985202CFB64009A1DC2 /* Trigonometric.swift */,
				6A8B2987202CFB82009A1DC2 /* Dollar.swift */,
			);
			path = Dollar;
			sourceTree = "<group>";
		};
/* End PBXGroup section */

/* Begin PBXNativeTarget section */
		6A8B296A202CF9E5009A1DC2 /* iOSGesturizer */ = {
			isa = PBXNativeTarget;
			buildConfigurationList = 6A8B2974202CF9E5009A1DC2 /* Build configuration list for PBXNativeTarget "iOSGesturizer" */;
			buildPhases = (
				6A8B2967202CF9E5009A1DC2 /* Sources */,
				6A8B2968202CF9E5009A1DC2 /* Frameworks */,
				6A8B2969202CF9E5009A1DC2 /* CopyFiles */,
			);
			buildRules = (
			);
			dependencies = (
			);
			name = iOSGesturizer;
			productName = iOSGesturizer;
			productReference = 6A8B296B202CF9E5009A1DC2 /* libiOSGesturizer.a */;
			productType = "com.apple.product-type.library.static";
		};
/* End PBXNativeTarget section */

/* Begin PBXProject section */
		6A8B2963202CF9E5009A1DC2 /* Project object */ = {
			isa = PBXProject;
			attributes = {
				LastUpgradeCheck = 0920;
				ORGANIZATIONNAME = Kuanysh;
				TargetAttributes = {
					6A8B296A202CF9E5009A1DC2 = {
						CreatedOnToolsVersion = 9.2;
						LastSwiftMigration = 0920;
						ProvisioningStyle = Automatic;
					};
				};
			};
			buildConfigurationList = 6A8B2966202CF9E5009A1DC2 /* Build configuration list for PBXProject "iOSGesturizer" */;
			compatibilityVersion = "Xcode 8.0";
			developmentRegion = en;
			hasScannedForEncodings = 0;
			knownRegions = (
				en,
			);
			mainGroup = 6A8B2962202CF9E5009A1DC2;
			productRefGroup = 6A8B296C202CF9E5009A1DC2 /* Products */;
			projectDirPath = "";
			projectRoot = "";
			targets = (
				6A8B296A202CF9E5009A1DC2 /* iOSGesturizer */,
			);
		};
/* End PBXProject section */

/* Begin PBXSourcesBuildPhase section */
		6A8B2967202CF9E5009A1DC2 /* Sources */ = {
			isa = PBXSourcesBuildPhase;
			buildActionMask = 2147483647;
			files = (
				6A8B298A202CFDDD009A1DC2 /* Gesturizer.swift in Sources */,
				6A8B2980202CFB17009A1DC2 /* Recognizer.swift in Sources */,
				6A8B2988202CFB82009A1DC2 /* Dollar.swift in Sources */,
				6A8B297C202CFAD7009A1DC2 /* Rectangle.swift in Sources */,
				6A8B297E202CFB01009A1DC2 /* Template.swift in Sources */,
				6A8B2982202CFB31009A1DC2 /* TemplateData.swift in Sources */,
				6A8B2986202CFB64009A1DC2 /* Trigonometric.swift in Sources */,
				6A8B2984202CFB4C009A1DC2 /* Result.swift in Sources */,
				6A8B297A202CFA88009A1DC2 /* Utils.swift in Sources */,
			);
			runOnlyForDeploymentPostprocessing = 0;
		};
/* End PBXSourcesBuildPhase section */

/* Begin XCBuildConfiguration section */
		6A8B2972202CF9E5009A1DC2 /* Debug */ = {
			isa = XCBuildConfiguration;
			buildSettings = {
				ALWAYS_SEARCH_USER_PATHS = NO;
				CLANG_ANALYZER_NONNULL = YES;
				CLANG_ANALYZER_NUMBER_OBJECT_CONVERSION = YES_AGGRESSIVE;
				CLANG_CXX_LANGUAGE_STANDARD = "gnu++14";
				CLANG_CXX_LIBRARY = "libc++";
				CLANG_ENABLE_MODULES = YES;
				CLANG_ENABLE_OBJC_ARC = YES;
				CLANG_WARN_BLOCK_CAPTURE_AUTORELEASING = YES;
				CLANG_WARN_BOOL_CONVERSION = YES;
				CLANG_WARN_COMMA = YES;
				CLANG_WARN_CONSTANT_CONVERSION = YES;
				CLANG_WARN_DIRECT_OBJC_ISA_USAGE = YES_ERROR;
				CLANG_WARN_DOCUMENTATION_COMMENTS = YES;
				CLANG_WARN_EMPTY_BODY = YES;
				CLANG_WARN_ENUM_CONVERSION = YES;
				CLANG_WARN_INFINITE_RECURSION = YES;
				CLANG_WARN_INT_CONVERSION = YES;
				CLANG_WARN_NON_LITERAL_NULL_CONVERSION = YES;
				CLANG_WARN_OBJC_LITERAL_CONVERSION = YES;
				CLANG_WARN_OBJC_ROOT_CLASS = YES_ERROR;
				CLANG_WARN_RANGE_LOOP_ANALYSIS = YES;
				CLANG_WARN_STRICT_PROTOTYPES = YES;
				CLANG_WARN_SUSPICIOUS_MOVE = YES;
				CLANG_WARN_UNGUARDED_AVAILABILITY = YES_AGGRESSIVE;
				CLANG_WARN_UNREACHABLE_CODE = YES;
				CLANG_WARN__DUPLICATE_METHOD_MATCH = YES;
				CODE_SIGN_IDENTITY = "iPhone Developer";
				COPY_PHASE_STRIP = NO;
				DEBUG_INFORMATION_FORMAT = dwarf;
				ENABLE_STRICT_OBJC_MSGSEND = YES;
				ENABLE_TESTABILITY = YES;
				GCC_C_LANGUAGE_STANDARD = gnu11;
				GCC_DYNAMIC_NO_PIC = NO;
				GCC_NO_COMMON_BLOCKS = YES;
				GCC_OPTIMIZATION_LEVEL = 0;
				GCC_PREPROCESSOR_DEFINITIONS = (
					"DEBUG=1",
					"$(inherited)",
				);
				GCC_WARN_64_TO_32_BIT_CONVERSION = YES;
				GCC_WARN_ABOUT_RETURN_TYPE = YES_ERROR;
				GCC_WARN_UNDECLARED_SELECTOR = YES;
				GCC_WARN_UNINITIALIZED_AUTOS = YES_AGGRESSIVE;
				GCC_WARN_UNUSED_FUNCTION = YES;
				GCC_WARN_UNUSED_VARIABLE = YES;
				IPHONEOS_DEPLOYMENT_TARGET = 11.2;
				MTL_ENABLE_DEBUG_INFO = YES;
				ONLY_ACTIVE_ARCH = YES;
				SDKROOT = iphoneos;
			};
			name = Debug;
		};
		6A8B2973202CF9E5009A1DC2 /* Release */ = {
			isa = XCBuildConfiguration;
			buildSettings = {
				ALWAYS_SEARCH_USER_PATHS = NO;
				CLANG_ANALYZER_NONNULL = YES;
				CLANG_ANALYZER_NUMBER_OBJECT_CONVERSION = YES_AGGRESSIVE;
				CLANG_CXX_LANGUAGE_STANDARD = "gnu++14";
				CLANG_CXX_LIBRARY = "libc++";
				CLANG_ENABLE_MODULES = YES;
				CLANG_ENABLE_OBJC_ARC = YES;
				CLANG_WARN_BLOCK_CAPTURE_AUTORELEASING = YES;
				CLANG_WARN_BOOL_CONVERSION = YES;
				CLANG_WARN_COMMA = YES;
				CLANG_WARN_CONSTANT_CONVERSION = YES;
				CLANG_WARN_DIRECT_OBJC_ISA_USAGE = YES_ERROR;
				CLANG_WARN_DOCUMENTATION_COMMENTS = YES;
				CLANG_WARN_EMPTY_BODY = YES;
				CLANG_WARN_ENUM_CONVERSION = YES;
				CLANG_WARN_INFINITE_RECURSION = YES;
				CLANG_WARN_INT_CONVERSION = YES;
				CLANG_WARN_NON_LITERAL_NULL_CONVERSION = YES;
				CLANG_WARN_OBJC_LITERAL_CONVERSION = YES;
				CLANG_WARN_OBJC_ROOT_CLASS = YES_ERROR;
				CLANG_WARN_RANGE_LOOP_ANALYSIS = YES;
				CLANG_WARN_STRICT_PROTOTYPES = YES;
				CLANG_WARN_SUSPICIOUS_MOVE = YES;
				CLANG_WARN_UNGUARDED_AVAILABILITY = YES_AGGRESSIVE;
				CLANG_WARN_UNREACHABLE_CODE = YES;
				CLANG_WARN__DUPLICATE_METHOD_MATCH = YES;
				CODE_SIGN_IDENTITY = "iPhone Developer";
				COPY_PHASE_STRIP = NO;
				DEBUG_INFORMATION_FORMAT = "dwarf-with-dsym";
				ENABLE_NS_ASSERTIONS = NO;
				ENABLE_STRICT_OBJC_MSGSEND = YES;
				GCC_C_LANGUAGE_STANDARD = gnu11;
				GCC_NO_COMMON_BLOCKS = YES;
				GCC_WARN_64_TO_32_BIT_CONVERSION = YES;
				GCC_WARN_ABOUT_RETURN_TYPE = YES_ERROR;
				GCC_WARN_UNDECLARED_SELECTOR = YES;
				GCC_WARN_UNINITIALIZED_AUTOS = YES_AGGRESSIVE;
				GCC_WARN_UNUSED_FUNCTION = YES;
				GCC_WARN_UNUSED_VARIABLE = YES;
				IPHONEOS_DEPLOYMENT_TARGET = 11.2;
				MTL_ENABLE_DEBUG_INFO = NO;
				SDKROOT = iphoneos;
				VALIDATE_PRODUCT = YES;
			};
			name = Release;
		};
		6A8B2975202CF9E5009A1DC2 /* Debug */ = {
			isa = XCBuildConfiguration;
			buildSettings = {
				CLANG_ENABLE_MODULES = YES;
				CODE_SIGN_STYLE = Automatic;
				DEVELOPMENT_TEAM = WAZ58L9LYD;
				LD_RUNPATH_SEARCH_PATHS = "$(inherited) @executable_path/Frameworks @loader_path/Frameworks";
				OTHER_LDFLAGS = "-ObjC";
				PRODUCT_NAME = "$(TARGET_NAME)";
				SKIP_INSTALL = YES;
				SWIFT_OBJC_BRIDGING_HEADER = "iOSGesturizer/Dollar/iOSGesturizer-Bridging-Header.h";
				SWIFT_OPTIMIZATION_LEVEL = "-Onone";
				SWIFT_VERSION = 3.0;
				TARGETED_DEVICE_FAMILY = "1,2";
			};
			name = Debug;
		};
		6A8B2976202CF9E5009A1DC2 /* Release */ = {
			isa = XCBuildConfiguration;
			buildSettings = {
				CLANG_ENABLE_MODULES = YES;
				CODE_SIGN_STYLE = Automatic;
				DEVELOPMENT_TEAM = WAZ58L9LYD;
				LD_RUNPATH_SEARCH_PATHS = "$(inherited) @executable_path/Frameworks @loader_path/Frameworks";
				OTHER_LDFLAGS = "-ObjC";
				PRODUCT_NAME = "$(TARGET_NAME)";
				SKIP_INSTALL = YES;
				SWIFT_OBJC_BRIDGING_HEADER = "iOSGesturizer/Dollar/iOSGesturizer-Bridging-Header.h";
				SWIFT_VERSION = 3.0;
				TARGETED_DEVICE_FAMILY = "1,2";
			};
			name = Release;
		};
/* End XCBuildConfiguration section */

/* Begin XCConfigurationList section */
		6A8B2966202CF9E5009A1DC2 /* Build configuration list for PBXProject "iOSGesturizer" */ = {
			isa = XCConfigurationList;
			buildConfigurations = (
				6A8B2972202CF9E5009A1DC2 /* Debug */,
				6A8B2973202CF9E5009A1DC2 /* Release */,
			);
			defaultConfigurationIsVisible = 0;
			defaultConfigurationName = Release;
		};
		6A8B2974202CF9E5009A1DC2 /* Build configuration list for PBXNativeTarget "iOSGesturizer" */ = {
			isa = XCConfigurationList;
			buildConfigurations = (
				6A8B2975202CF9E5009A1DC2 /* Debug */,
				6A8B2976202CF9E5009A1DC2 /* Release */,
			);
			defaultConfigurationIsVisible = 0;
			defaultConfigurationName = Release;
		};
/* End XCConfigurationList section */
	};
	rootObject = 6A8B2963202CF9E5009A1DC2 /* Project object */;
}
